{
  "version": 4,
  "terraform_version": "1.14.6",
  "serial": 46,
  "lineage": "41f7d691-72b4-1b6c-8362-f405ca3946f2",
  "outputs": {
    "app_repo_url": {
      "value": "https://github.com/nadebu/production-application",
      "type": "string"
    },
    "current_user": {
      "value": "nadebu",
      "type": "string"
    },
    "docs_repo_url": {
      "value": "https://github.com/nadebu/production-documentation",
      "type": "string"
    }
  },
  "resources": [
    {
      "mode": "data",
      "type": "github_user",
      "name": "current",
      "provider": "provider[\"registry.terraform.io/integrations/github\"]",
      "instances": [
        {
          "schema_version": 0,
          "attributes": {
            "avatar_url": "https://avatars.githubusercontent.com/u/46745130?v=4",
            "bio": "",
            "blog": "",
            "company": "",
            "created_at": "2019-01-16 09:57:34 +0000 UTC",
            "email": "",
            "followers": 1,
            "following": 2,
            "gpg_keys": [],
            "gravatar_id": "",
            "id": "46745130",
            "location": "",
            "login": "nadebu",
            "name": "Joel Mulimba",
            "node_id": "MDQ6VXNlcjQ2NzQ1MTMw",
            "public_gists": 0,
            "public_repos": 27,
            "site_admin": false,
            "ssh_keys": [],
            "suspended_at": "0001-01-01 00:00:00 +0000 UTC",
            "updated_at": "2026-01-13 18:13:47 +0000 UTC",
            "username": null
          },
          "sensitive_attributes": [],
          "identity_schema_version": 0
        }
      ]
    },
    {
      "mode": "managed",
      "type": "github_repository",
      "name": "app",
      "provider": "provider[\"registry.terraform.io/integrations/github\"]",
      "instances": [
        {
          "schema_version": 1,
          "attributes": {
            "allow_auto_merge": false,
            "allow_merge_commit": false,
            "allow_rebase_merge": true,
            "allow_squash_merge": true,
            "allow_update_branch": false,
            "archive_on_destroy": null,
            "archived": false,
            "auto_init": true,
            "default_branch": "main",
            "delete_branch_on_merge": true,
            "description": "Dev application repository. Managed by Terraform (nadebu)",
            "etag": "W/\"bd03302e1839e5953af5ff48dd0fa7b0923a20d73b152597d4cfa1c3457c893b\"",
            "full_name": "nadebu/dev-tf-application",
            "git_clone_url": "git://github.com/nadebu/dev-tf-application.git",
            "gitignore_template": null,
            "has_discussions": true,
            "has_downloads": false,
            "has_issues": true,
            "has_projects": false,
            "has_wiki": false,
            "homepage_url": "",
            "html_url": "https://github.com/nadebu/dev-tf-application",
            "http_clone_url": "https://github.com/nadebu/dev-tf-application.git",
            "id": "dev-tf-application",
            "ignore_vulnerability_alerts_during_read": null,
            "is_template": false,
            "license_template": null,
            "merge_commit_message": "PR_TITLE",
            "merge_commit_title": "MERGE_MESSAGE",
            "name": "dev-tf-application",
            "node_id": "R_kgDORhASKg",
            "pages": [],
            "primary_language": "",
            "private": false,
            "repo_id": 1175458346,
            "security_and_analysis": [
              {
                "advanced_security": [],
                "secret_scanning": [
                  {
                    "status": "enabled"
                  }
                ],
                "secret_scanning_push_protection": [
                  {
                    "status": "enabled"
                  }
                ]
              }
            ],
            "squash_merge_commit_message": "COMMIT_MESSAGES",
            "squash_merge_commit_title": "COMMIT_OR_PR_TITLE",
            "ssh_clone_url": "git@github.com:nadebu/dev-tf-application.git",
            "svn_url": "https://github.com/nadebu/dev-tf-application",
            "template": [],
            "topics": [
              "application",
              "dev",
              "devops-team",
              "terraform-improved-demo"
            ],
            "visibility": "public",
            "vulnerability_alerts": false,
            "web_commit_signoff_required": false
          },
          "sensitive_attributes": [],
          "identity_schema_version": 0,
          "private": "eyJzY2hlbWFfdmVyc2lvbiI6IjEifQ==",
          "dependencies": [
            "data.github_user.current"
          ]
        }
      ]
    },
    {
      "mode": "managed",
      "type": "github_repository",
      "name": "docs",
      "provider": "provider[\"registry.terraform.io/integrations/github\"]",
      "instances": [
        {
          "schema_version": 1,
          "attributes": {
            "allow_auto_merge": false,
            "allow_merge_commit": false,
            "allow_rebase_merge": true,
            "allow_squash_merge": true,
            "allow_update_branch": false,
            "archive_on_destroy": null,
            "archived": false,
            "auto_init": true,
            "default_branch": "main",
            "delete_branch_on_merge": true,
            "description": "Dev documentation repository. Managed by Terraform (nadebu)",
            "etag": "W/\"2e999d569a7b10d644bf9d02998f2e73b82267f993579bd7327a1bdc0fc99fad\"",
            "full_name": "nadebu/dev-tf-documentation",
            "git_clone_url": "git://github.com/nadebu/dev-tf-documentation.git",
            "gitignore_template": null,
            "has_discussions": true,
            "has_downloads": false,
            "has_issues": true,
            "has_projects": false,
            "has_wiki": false,
            "homepage_url": "",
            "html_url": "https://github.com/nadebu/dev-tf-documentation",
            "http_clone_url": "https://github.com/nadebu/dev-tf-documentation.git",
            "id": "dev-tf-documentation",
            "ignore_vulnerability_alerts_during_read": null,
            "is_template": false,
            "license_template": null,
            "merge_commit_message": "PR_TITLE",
            "merge_commit_title": "MERGE_MESSAGE",
            "name": "dev-tf-documentation",
            "node_id": "R_kgDORhASPw",
            "pages": [],
            "primary_language": "",
            "private": false,
            "repo_id": 1175458367,
            "security_and_analysis": [
              {
                "advanced_security": [],
                "secret_scanning": [
                  {
                    "status": "enabled"
                  }
                ],
                "secret_scanning_push_protection": [
                  {
                    "status": "enabled"
                  }
                ]
              }
            ],
            "squash_merge_commit_message": "COMMIT_MESSAGES",
            "squash_merge_commit_title": "COMMIT_OR_PR_TITLE",
            "ssh_clone_url": "git@github.com:nadebu/dev-tf-documentation.git",
            "svn_url": "https://github.com/nadebu/dev-tf-documentation",
            "template": [],
            "topics": [
              "dev",
              "devops-team",
              "documentation",
              "terraform-improved-demo"
            ],
            "visibility": "public",
            "vulnerability_alerts": false,
            "web_commit_signoff_required": false
          },
          "sensitive_attributes": [],
          "identity_schema_version": 0,
          "private": "eyJzY2hlbWFfdmVyc2lvbiI6IjEifQ==",
          "dependencies": [
            "data.github_user.current"
          ]
        }
      ]
    }
  ],
  "check_results": null
}
