{
  "version": 4,
  "terraform_version": "1.14.6",
  "serial": 16,
  "lineage": "41f7d691-72b4-1b6c-8362-f405ca3946f2",
  "outputs": {
    "development_repo": {
      "value": "development-repo",
      "type": "string"
    },
    "repository_git_clone_url": {
      "value": "git://github.com/nadebu/terraform-development.git",
      "type": "string"
    },
    "repository_html_url": {
      "value": "https://github.com/nadebu/terraform-development",
      "type": "string"
    },
    "repository_id": {
      "value": 1174339399,
      "type": "number"
    },
    "repository_visibility": {
      "value": "public",
      "type": "string"
    }
  },
  "resources": [
    {
      "mode": "managed",
      "type": "github_branch",
      "name": "development",
      "provider": "provider[\"registry.terraform.io/integrations/github\"]",
      "instances": [
        {
          "schema_version": 0,
          "attributes": {
            "branch": "main",
            "etag": "W/\"4b8320799c4bf83fc3d6c53def774d6c8f8a34957137ac5f0c18cfff74f78a6d\"",
            "id": "development-repo:main",
            "ref": "refs/heads/main",
            "repository": "development-repo",
            "sha": "f863631f2d3c3db44dc072589662d70fe74b2465",
            "source_branch": "main",
            "source_sha": "f863631f2d3c3db44dc072589662d70fe74b2465"
          },
          "sensitive_attributes": [],
          "identity_schema_version": 0,
          "private": "bnVsbA==",
          "dependencies": [
            "github_repository.development"
          ]
        }
      ]
    },
    {
      "mode": "managed",
      "type": "github_branch_default",
      "name": "development",
      "provider": "provider[\"registry.terraform.io/integrations/github\"]",
      "instances": [
        {
          "schema_version": 0,
          "attributes": {
            "branch": "main",
            "etag": "W/\"56a0c4ec6514c345071aa3b9d70abb14b3c6f1fb3a31f184adb679fe94dad8d6\"",
            "id": "development-repo",
            "rename": false,
            "repository": "development-repo"
          },
          "sensitive_attributes": [],
          "identity_schema_version": 0,
          "private": "bnVsbA==",
          "dependencies": [
            "github_branch.development",
            "github_repository.development"
          ]
        }
      ]
    },
    {
      "mode": "managed",
      "type": "github_branch_protection",
      "name": "development",
      "provider": "provider[\"registry.terraform.io/integrations/github\"]",
      "instances": [
        {
          "schema_version": 2,
          "attributes": {
            "allows_deletions": false,
            "allows_force_pushes": false,
            "enforce_admins": false,
            "force_push_bypassers": null,
            "id": "BPR_kwDORf9LP84EY-mR",
            "lock_branch": false,
            "pattern": "main",
            "repository_id": "R_kgDORf9LPw",
            "require_conversation_resolution": false,
            "require_signed_commits": false,
            "required_linear_history": false,
            "required_pull_request_reviews": [],
            "required_status_checks": [],
            "restrict_pushes": []
          },
          "sensitive_attributes": [],
          "identity_schema_version": 0,
          "private": "eyJzY2hlbWFfdmVyc2lvbiI6IjIifQ==",
          "dependencies": [
            "github_repository.development"
          ]
        }
      ]
    },
    {
      "mode": "managed",
      "type": "github_branch_protection",
      "name": "main",
      "provider": "provider[\"registry.terraform.io/integrations/github\"]",
      "instances": [
        {
          "schema_version": 2,
          "attributes": {
            "allows_deletions": false,
            "allows_force_pushes": false,
            "enforce_admins": false,
            "force_push_bypassers": [],
            "id": "BPR_kwDORf7_R84EY-cS",
            "lock_branch": false,
            "pattern": "main",
            "repository_id": "R_kgDORf7_Rw",
            "require_conversation_resolution": false,
            "require_signed_commits": false,
            "required_linear_history": false,
            "required_pull_request_reviews": [
              {
                "dismiss_stale_reviews": false,
                "dismissal_restrictions": [],
                "pull_request_bypassers": [],
                "require_code_owner_reviews": false,
                "require_last_push_approval": false,
                "required_approving_review_count": 2,
                "restrict_dismissals": false
              }
            ],
            "required_status_checks": [],
            "restrict_pushes": []
          },
          "sensitive_attributes": [],
          "identity_schema_version": 0,
          "private": "eyJzY2hlbWFfdmVyc2lvbiI6IjIifQ==",
          "dependencies": [
            "github_repository.example"
          ]
        }
      ]
    },
    {
      "mode": "managed",
      "type": "github_repository",
      "name": "development",
      "provider": "provider[\"registry.terraform.io/integrations/github\"]",
      "instances": [
        {
          "schema_version": 1,
          "attributes": {
            "allow_auto_merge": false,
            "allow_merge_commit": true,
            "allow_rebase_merge": true,
            "allow_squash_merge": true,
            "allow_update_branch": false,
            "archive_on_destroy": null,
            "archived": false,
            "auto_init": true,
            "default_branch": "main",
            "delete_branch_on_merge": false,
            "description": "Primary Dev Repo for new apps",
            "etag": "W/\"56a0c4ec6514c345071aa3b9d70abb14b3c6f1fb3a31f184adb679fe94dad8d6\"",
            "full_name": "nadebu/development-repo",
            "git_clone_url": "git://github.com/nadebu/development-repo.git",
            "gitignore_template": null,
            "has_discussions": false,
            "has_downloads": false,
            "has_issues": true,
            "has_projects": false,
            "has_wiki": true,
            "homepage_url": "",
            "html_url": "https://github.com/nadebu/development-repo",
            "http_clone_url": "https://github.com/nadebu/development-repo.git",
            "id": "development-repo",
            "ignore_vulnerability_alerts_during_read": null,
            "is_template": false,
            "license_template": null,
            "merge_commit_message": "PR_TITLE",
            "merge_commit_title": "MERGE_MESSAGE",
            "name": "development-repo",
            "node_id": "R_kgDORf9LPw",
            "pages": [],
            "primary_language": "",
            "private": false,
            "repo_id": 1174358847,
            "security_and_analysis": [
              {
                "advanced_security": [],
                "secret_scanning": [
                  {
                    "status": "enabled"
                  }
                ],
                "secret_scanning_push_protection": [
                  {
                    "status": "enabled"
                  }
                ]
              }
            ],
            "squash_merge_commit_message": "COMMIT_MESSAGES",
            "squash_merge_commit_title": "COMMIT_OR_PR_TITLE",
            "ssh_clone_url": "git@github.com:nadebu/development-repo.git",
            "svn_url": "https://github.com/nadebu/development-repo",
            "template": [],
            "topics": [
              "infrastructure-as-code",
              "terraform"
            ],
            "visibility": "public",
            "vulnerability_alerts": false,
            "web_commit_signoff_required": false
          },
          "sensitive_attributes": [],
          "identity_schema_version": 0,
          "private": "eyJzY2hlbWFfdmVyc2lvbiI6IjEifQ=="
        }
      ]
    },
    {
      "mode": "managed",
      "type": "github_repository",
      "name": "example",
      "provider": "provider[\"registry.terraform.io/integrations/github\"]",
      "instances": [
        {
          "schema_version": 1,
          "attributes": {
            "allow_auto_merge": false,
            "allow_merge_commit": true,
            "allow_rebase_merge": true,
            "allow_squash_merge": true,
            "allow_update_branch": false,
            "archive_on_destroy": null,
            "archived": false,
            "auto_init": true,
            "default_branch": "main",
            "delete_branch_on_merge": false,
            "description": "Repository managed by Terraform",
            "etag": "W/\"9baab9496ac4ce1531b88321ae1ce172318704450354356a1083a1cb6de1909e\"",
            "full_name": "nadebu/terraform-development",
            "git_clone_url": "git://github.com/nadebu/terraform-development.git",
            "gitignore_template": null,
            "has_discussions": false,
            "has_downloads": false,
            "has_issues": true,
            "has_projects": false,
            "has_wiki": false,
            "homepage_url": "",
            "html_url": "https://github.com/nadebu/terraform-development",
            "http_clone_url": "https://github.com/nadebu/terraform-development.git",
            "id": "terraform-development",
            "ignore_vulnerability_alerts_during_read": null,
            "is_template": false,
            "license_template": null,
            "merge_commit_message": "PR_TITLE",
            "merge_commit_title": "MERGE_MESSAGE",
            "name": "terraform-development",
            "node_id": "R_kgDORf7_Rw",
            "pages": [],
            "primary_language": "",
            "private": false,
            "repo_id": 1174339399,
            "security_and_analysis": [
              {
                "advanced_security": [],
                "secret_scanning": [
                  {
                    "status": "enabled"
                  }
                ],
                "secret_scanning_push_protection": [
                  {
                    "status": "enabled"
                  }
                ]
              }
            ],
            "squash_merge_commit_message": "COMMIT_MESSAGES",
            "squash_merge_commit_title": "COMMIT_OR_PR_TITLE",
            "ssh_clone_url": "git@github.com:nadebu/terraform-development.git",
            "svn_url": "https://github.com/nadebu/terraform-development",
            "template": [],
            "topics": [
              "development",
              "infrastructure-as-code",
              "terraform"
            ],
            "visibility": "public",
            "vulnerability_alerts": false,
            "web_commit_signoff_required": false
          },
          "sensitive_attributes": [],
          "identity_schema_version": 0,
          "private": "eyJzY2hlbWFfdmVyc2lvbiI6IjEifQ=="
        }
      ]
    },
    {
      "mode": "managed",
      "type": "github_repository_file",
      "name": "development",
      "provider": "provider[\"registry.terraform.io/integrations/github\"]",
      "instances": [
        {
          "schema_version": 0,
          "attributes": {
            "autocreate_branch": null,
            "autocreate_branch_source_branch": null,
            "autocreate_branch_source_sha": null,
            "branch": "main",
            "commit_author": "Terraform User",
            "commit_email": "terraform@course.com",
            "commit_message": "Managed by Terraform",
            "commit_sha": "8ef9878f448e0cc0e94a163439fba9cc959d4c18",
            "content": "**/*.tfstate",
            "file": ".gitignore",
            "id": "development-repo/.gitignore",
            "overwrite_on_create": true,
            "ref": "main",
            "repository": "development-repo",
            "sha": "237d7f116f496b3fcd78805370d2dc83192976b2"
          },
          "sensitive_attributes": [],
          "identity_schema_version": 0,
          "private": "bnVsbA==",
          "dependencies": [
            "github_branch.development",
            "github_repository.development"
          ]
        }
      ]
    }
  ],
  "check_results": null
}
