{
  "version": 4,
  "terraform_version": "1.14.6",
  "serial": 37,
  "lineage": "41f7d691-72b4-1b6c-8362-f405ca3946f2",
  "outputs": {
    "creator_info": {
      "value": "nadebu",
      "type": "string"
    },
    "repository_url": {
      "value": "https://github.com/nadebu/development-terraform-demo",
      "type": "string"
    }
  },
  "resources": [
    {
      "mode": "data",
      "type": "github_user",
      "name": "current",
      "provider": "provider[\"registry.terraform.io/integrations/github\"]",
      "instances": [
        {
          "schema_version": 0,
          "attributes": {
            "avatar_url": "https://avatars.githubusercontent.com/u/46745130?v=4",
            "bio": "",
            "blog": "",
            "company": "",
            "created_at": "2019-01-16 09:57:34 +0000 UTC",
            "email": "",
            "followers": 1,
            "following": 2,
            "gpg_keys": [],
            "gravatar_id": "",
            "id": "46745130",
            "location": "",
            "login": "nadebu",
            "name": "Joel Mulimba",
            "node_id": "MDQ6VXNlcjQ2NzQ1MTMw",
            "public_gists": 0,
            "public_repos": 26,
            "site_admin": false,
            "ssh_keys": [],
            "suspended_at": "0001-01-01 00:00:00 +0000 UTC",
            "updated_at": "2026-01-13 18:13:47 +0000 UTC",
            "username": null
          },
          "sensitive_attributes": [],
          "identity_schema_version": 0
        }
      ]
    },
    {
      "mode": "managed",
      "type": "github_repository",
      "name": "production",
      "provider": "provider[\"registry.terraform.io/integrations/github\"]",
      "instances": [
        {
          "schema_version": 1,
          "attributes": {
            "allow_auto_merge": false,
            "allow_merge_commit": true,
            "allow_rebase_merge": true,
            "allow_squash_merge": true,
            "allow_update_branch": false,
            "archive_on_destroy": null,
            "archived": false,
            "auto_init": null,
            "default_branch": "main",
            "delete_branch_on_merge": false,
            "description": "Staging environment repository managed by nadebu",
            "etag": "W/\"ca374ece21c18fb849ee9cd2cbd6952d9faf38b4935f28c0cf7758583c06413a\"",
            "full_name": "nadebu/staging-terraform-demo",
            "git_clone_url": "git://github.com/nadebu/staging-terraform-demo.git",
            "gitignore_template": null,
            "has_discussions": false,
            "has_downloads": false,
            "has_issues": true,
            "has_projects": false,
            "has_wiki": true,
            "homepage_url": "",
            "html_url": "https://github.com/nadebu/staging-terraform-demo",
            "http_clone_url": "https://github.com/nadebu/staging-terraform-demo.git",
            "id": "staging-terraform-demo",
            "ignore_vulnerability_alerts_during_read": null,
            "is_template": false,
            "license_template": null,
            "merge_commit_message": "PR_TITLE",
            "merge_commit_title": "MERGE_MESSAGE",
            "name": "staging-terraform-demo",
            "node_id": "R_kgDORgZQ3A",
            "pages": [],
            "primary_language": "",
            "private": false,
            "repo_id": 1174819036,
            "security_and_analysis": [
              {
                "advanced_security": [],
                "secret_scanning": [
                  {
                    "status": "enabled"
                  }
                ],
                "secret_scanning_push_protection": [
                  {
                    "status": "enabled"
                  }
                ]
              }
            ],
            "squash_merge_commit_message": "COMMIT_MESSAGES",
            "squash_merge_commit_title": "COMMIT_OR_PR_TITLE",
            "ssh_clone_url": "git@github.com:nadebu/staging-terraform-demo.git",
            "svn_url": "https://github.com/nadebu/staging-terraform-demo",
            "template": [],
            "topics": [
              "staging",
              "terraform-demo",
              "terraform-managed"
            ],
            "visibility": "public",
            "vulnerability_alerts": false,
            "web_commit_signoff_required": false
          },
          "sensitive_attributes": [],
          "identity_schema_version": 0,
          "private": "eyJzY2hlbWFfdmVyc2lvbiI6IjEifQ==",
          "dependencies": [
            "data.github_user.current"
          ]
        }
      ]
    }
  ],
  "check_results": null
}
